<?xml version="1.0" encoding="utf-8"?>
<Project ToolsVersion="4.0" xmlns="http://schemas.microsoft.com/developer/msbuild/2003">
  <ItemGroup>
    <Filter Include="ソース ファイル">
      <UniqueIdentifier>{4FC737F1-C7A5-4376-A066-2A32D752A2FF}</UniqueIdentifier>
      <Extensions>cpp;c;cc;cxx;def;odl;idl;hpj;bat;asm;asmx</Extensions>
    </Filter>
    <Filter Include="ヘッダー ファイル">
      <UniqueIdentifier>{93995380-89BD-4b04-88EB-625FBE52EBFB}</UniqueIdentifier>
      <Extensions>h;hpp;hxx;hm;inl;inc;xsd</Extensions>
    </Filter>
    <Filter Include="リソース ファイル">
      <UniqueIdentifier>{67DA6AB6-F800-4c08-8B7A-83BB121AAD01}</UniqueIdentifier>
      <Extensions>rc;ico;cur;bmp;dlg;rc2;rct;bin;rgs;gif;jpg;jpeg;jpe;resx;tiff;tif;png;wav;mfcribbon-ms</Extensions>
    </Filter>
    <Filter Include="ソース ファイル\framework">
      <UniqueIdentifier>{c3665636-7c2e-4ea2-bc32-496564cc3e9f}</UniqueIdentifier>
    </Filter>
    <Filter Include="ソース ファイル\system">
      <UniqueIdentifier>{903711a9-4ffc-4709-a97c-ef376ab1b8ba}</UniqueIdentifier>
    </Filter>
    <Filter Include="ソース ファイル\scene">
      <UniqueIdentifier>{1fd46591-cc6d-45c7-8744-87c07915ee96}</UniqueIdentifier>
    </Filter>
    <Filter Include="ソース ファイル\object">
      <UniqueIdentifier>{9ef53dd7-551a-4c9d-9886-c79c62fdb9f0}</UniqueIdentifier>
    </Filter>
    <Filter Include="ソース ファイル\framework\system">
      <UniqueIdentifier>{8f57fdaf-79c6-4e7f-adbe-caca4c5d32df}</UniqueIdentifier>
    </Filter>
    <Filter Include="ソース ファイル\framework\resource">
      <UniqueIdentifier>{e9fa10c8-9d11-48c3-b119-f63961ee9753}</UniqueIdentifier>
    </Filter>
    <Filter Include="ソース ファイル\framework\polygon">
      <UniqueIdentifier>{c2c9bee9-efed-4377-8186-dadc6c7651c4}</UniqueIdentifier>
    </Filter>
    <Filter Include="ソース ファイル\framework\render">
      <UniqueIdentifier>{3d51839b-42f4-49bd-9ea1-9329164d6c5c}</UniqueIdentifier>
    </Filter>
    <Filter Include="ソース ファイル\framework\object">
      <UniqueIdentifier>{712d11ad-3c1a-467d-84b5-df997f6d016d}</UniqueIdentifier>
    </Filter>
    <Filter Include="ソース ファイル\framework\input">
      <UniqueIdentifier>{664228ba-262a-4058-a2c3-096b4aaa2556}</UniqueIdentifier>
    </Filter>
    <Filter Include="ソース ファイル\framework\develop">
      <UniqueIdentifier>{2972db61-f484-4436-ad33-420f5b5998cd}</UniqueIdentifier>
    </Filter>
    <Filter Include="ソース ファイル\framework\camera">
      <UniqueIdentifier>{8f7f6bda-d4e9-45c6-8403-a50d7e597b41}</UniqueIdentifier>
    </Filter>
    <Filter Include="ソース ファイル\framework\graphic">
      <UniqueIdentifier>{deaf0f6d-82eb-4b0e-86b3-553afcf3a546}</UniqueIdentifier>
    </Filter>
    <Filter Include="ソース ファイル\framework\scene">
      <UniqueIdentifier>{77fd4ecc-2fa9-4e94-848e-63c69a1f3ab3}</UniqueIdentifier>
    </Filter>
    <Filter Include="ソース ファイル\framework\light">
      <UniqueIdentifier>{cbf1cdf7-891b-4de0-bf23-3102abe5c7cc}</UniqueIdentifier>
    </Filter>
    <Filter Include="ソース ファイル\framework\vertex">
      <UniqueIdentifier>{d9b58cf8-b9c8-4f2c-8c4b-e1c8190e2c58}</UniqueIdentifier>
    </Filter>
    <Filter Include="ソース ファイル\graphic">
      <UniqueIdentifier>{8089f6e9-2fc4-4b0a-81c9-d6fd49e2df83}</UniqueIdentifier>
    </Filter>
    <Filter Include="ソース ファイル\graphic\drawer">
      <UniqueIdentifier>{4b7e3161-e18b-4933-97d5-76d5220c11ac}</UniqueIdentifier>
    </Filter>
    <Filter Include="ソース ファイル\graphic\graphic">
      <UniqueIdentifier>{07468ce4-d8c3-4ab6-9169-8d099a5f085d}</UniqueIdentifier>
    </Filter>
    <Filter Include="ソース ファイル\framework\point">
      <UniqueIdentifier>{83f7d611-e08d-4a1c-9b99-ef110891a670}</UniqueIdentifier>
    </Filter>
    <Filter Include="ソース ファイル\framework\sound">
      <UniqueIdentifier>{b99a1f9b-773b-4c97-a145-8f1f6008b2ee}</UniqueIdentifier>
    </Filter>
    <Filter Include="ソース ファイル\system\fireworks">
      <UniqueIdentifier>{43f16352-7869-4b2b-aaaf-7f32889a4123}</UniqueIdentifier>
    </Filter>
    <Filter Include="ソース ファイル\system\target">
      <UniqueIdentifier>{4f1d4a8b-9026-4765-843b-85c1b7d55488}</UniqueIdentifier>
    </Filter>
    <Filter Include="ソース ファイル\system\camera">
      <UniqueIdentifier>{a5b3a5fe-b914-4a94-aaf4-80e53e7f58bb}</UniqueIdentifier>
    </Filter>
    <Filter Include="ソース ファイル\effect">
      <UniqueIdentifier>{84292b18-d92a-427c-8a5b-52919c9824ba}</UniqueIdentifier>
    </Filter>
    <Filter Include="ソース ファイル\framework\screenShot">
      <UniqueIdentifier>{6a5fbe0b-d95b-4270-8ee0-b4c9077f0726}</UniqueIdentifier>
    </Filter>
    <Filter Include="ソース ファイル\system\fire">
      <UniqueIdentifier>{a4fab29d-0fb9-41da-97eb-ace3d0e8f7a9}</UniqueIdentifier>
    </Filter>
    <Filter Include="ソース ファイル\framework\radianTable">
      <UniqueIdentifier>{5b5e5cf8-7ede-4a12-a160-429510a62091}</UniqueIdentifier>
    </Filter>
    <Filter Include="ソース ファイル\framework\fileReader">
      <UniqueIdentifier>{6e455263-8f15-4a6d-a6fc-ebc3f14530d6}</UniqueIdentifier>
    </Filter>
  </ItemGroup>
  <ItemGroup>
    <ClInclude Include="code\framework\develop\Debug.h">
      <Filter>ソース ファイル\framework\develop</Filter>
    </ClInclude>
    <ClInclude Include="code\framework\develop\DebugProc.h">
      <Filter>ソース ファイル\framework\develop</Filter>
    </ClInclude>
    <ClInclude Include="code\framework\system\Manager.h">
      <Filter>ソース ファイル\framework\system</Filter>
    </ClInclude>
    <ClInclude Include="code\framework\system\Window.h">
      <Filter>ソース ファイル\framework\system</Filter>
    </ClInclude>
    <ClInclude Include="code\system\Main.h">
      <Filter>ソース ファイル\system</Filter>
    </ClInclude>
    <ClInclude Include="code\framework\system\FrameCount.h">
      <Filter>ソース ファイル\framework\system</Filter>
    </ClInclude>
    <ClInclude Include="code\system\ManagerMain.h">
      <Filter>ソース ファイル\system</Filter>
    </ClInclude>
    <ClInclude Include="code\system\WindowMain.h">
      <Filter>ソース ファイル\system</Filter>
    </ClInclude>
    <ClInclude Include="code\framework\system\ManagerDraw.h">
      <Filter>ソース ファイル\framework\system</Filter>
    </ClInclude>
    <ClInclude Include="code\framework\system\ManagerExector.h">
      <Filter>ソース ファイル\framework\system</Filter>
    </ClInclude>
    <ClInclude Include="code\framework\render\RenderTarget.h">
      <Filter>ソース ファイル\framework\render</Filter>
    </ClInclude>
    <ClInclude Include="code\system\SceneArgumentMain.h">
      <Filter>ソース ファイル\system</Filter>
    </ClInclude>
    <ClInclude Include="code\system\SceneMain.h">
      <Filter>ソース ファイル\system</Filter>
    </ClInclude>
    <ClInclude Include="code\system\ManagerSceneMain.h">
      <Filter>ソース ファイル\system</Filter>
    </ClInclude>
    <ClInclude Include="code\framework\scene\SceneArgument.h">
      <Filter>ソース ファイル\framework\scene</Filter>
    </ClInclude>
    <ClInclude Include="code\framework\scene\ManagerScene.h">
      <Filter>ソース ファイル\framework\scene</Filter>
    </ClInclude>
    <ClInclude Include="code\framework\scene\Scene.h">
      <Filter>ソース ファイル\framework\scene</Filter>
    </ClInclude>
    <ClInclude Include="code\scene\SceneGame.h">
      <Filter>ソース ファイル\scene</Filter>
    </ClInclude>
    <ClInclude Include="code\framework\input\InputMouse.h">
      <Filter>ソース ファイル\framework\input</Filter>
    </ClInclude>
    <ClInclude Include="code\framework\input\InputPad.h">
      <Filter>ソース ファイル\framework\input</Filter>
    </ClInclude>
    <ClInclude Include="code\framework\input\Input.h">
      <Filter>ソース ファイル\framework\input</Filter>
    </ClInclude>
    <ClInclude Include="code\framework\input\InputKeyboard.h">
      <Filter>ソース ファイル\framework\input</Filter>
    </ClInclude>
    <ClInclude Include="code\framework\input\DirectInput.h">
      <Filter>ソース ファイル\framework\input</Filter>
    </ClInclude>
    <ClInclude Include="code\framework\system\Fade.h">
      <Filter>ソース ファイル\framework\system</Filter>
    </ClInclude>
    <ClInclude Include="code\scene\SceneResult.h">
      <Filter>ソース ファイル\scene</Filter>
    </ClInclude>
    <ClInclude Include="code\scene\SceneTitle.h">
      <Filter>ソース ファイル\scene</Filter>
    </ClInclude>
    <ClInclude Include="code\scene\SceneRanking.h">
      <Filter>ソース ファイル\scene</Filter>
    </ClInclude>
    <ClInclude Include="code\scene\SceneSplash.h">
      <Filter>ソース ファイル\scene</Filter>
    </ClInclude>
    <ClInclude Include="code\framework\object\Object.h">
      <Filter>ソース ファイル\framework\object</Filter>
    </ClInclude>
    <ClInclude Include="code\framework\system\ManagerUpdate.h">
      <Filter>ソース ファイル\framework\system</Filter>
    </ClInclude>
    <ClInclude Include="code\framework\render\RenderMatrix.h">
      <Filter>ソース ファイル\framework\render</Filter>
    </ClInclude>
    <ClInclude Include="code\framework\light\LightDirection.h">
      <Filter>ソース ファイル\framework\light</Filter>
    </ClInclude>
    <ClInclude Include="code\framework\light\LightPoint.h">
      <Filter>ソース ファイル\framework\light</Filter>
    </ClInclude>
    <ClInclude Include="code\framework\light\Light.h">
      <Filter>ソース ファイル\framework\light</Filter>
    </ClInclude>
    <ClInclude Include="code\framework\camera\CameraObject.h">
      <Filter>ソース ファイル\framework\camera</Filter>
    </ClInclude>
    <ClInclude Include="code\framework\camera\CameraState.h">
      <Filter>ソース ファイル\framework\camera</Filter>
    </ClInclude>
    <ClInclude Include="code\framework\camera\CameraStateDebug.h">
      <Filter>ソース ファイル\framework\camera</Filter>
    </ClInclude>
    <ClInclude Include="code\framework\camera\Camera.h">
      <Filter>ソース ファイル\framework\camera</Filter>
    </ClInclude>
    <ClInclude Include="code\framework\polygon\Polygon3D.h">
      <Filter>ソース ファイル\framework\polygon</Filter>
    </ClInclude>
    <ClInclude Include="code\framework\polygon\Polygon2D.h">
      <Filter>ソース ファイル\framework\polygon</Filter>
    </ClInclude>
    <ClInclude Include="code\framework\vertex\Vertex.h">
      <Filter>ソース ファイル\framework\vertex</Filter>
    </ClInclude>
    <ClInclude Include="code\framework\vertex\VertexBuffer.h">
      <Filter>ソース ファイル\framework\vertex</Filter>
    </ClInclude>
    <ClInclude Include="code\system\EffectParameter.h">
      <Filter>ソース ファイル\system</Filter>
    </ClInclude>
    <ClInclude Include="code\framework\render\RenderPass.h">
      <Filter>ソース ファイル\framework\render</Filter>
    </ClInclude>
    <ClInclude Include="code\framework\resource\ManagerResource.h">
      <Filter>ソース ファイル\framework\resource</Filter>
    </ClInclude>
    <ClInclude Include="code\framework\resource\ManagerTexture.h">
      <Filter>ソース ファイル\framework\resource</Filter>
    </ClInclude>
    <ClInclude Include="code\framework\resource\Texture.h">
      <Filter>ソース ファイル\framework\resource</Filter>
    </ClInclude>
    <ClInclude Include="code\framework\resource\Effect.h">
      <Filter>ソース ファイル\framework\resource</Filter>
    </ClInclude>
    <ClInclude Include="code\framework\resource\ManagerEffect.h">
      <Filter>ソース ファイル\framework\resource</Filter>
    </ClInclude>
    <ClInclude Include="code\framework\render\DirectDevice.h">
      <Filter>ソース ファイル\framework\render</Filter>
    </ClInclude>
    <ClInclude Include="code\framework\graphic\Drawer.h">
      <Filter>ソース ファイル\framework\graphic</Filter>
    </ClInclude>
    <ClInclude Include="code\framework\graphic\Graphic.h">
      <Filter>ソース ファイル\framework\graphic</Filter>
    </ClInclude>
    <ClInclude Include="code\graphic\graphic\GraphicMain.h">
      <Filter>ソース ファイル\graphic\graphic</Filter>
    </ClInclude>
    <ClInclude Include="code\object\Object2D.h">
      <Filter>ソース ファイル\object</Filter>
    </ClInclude>
    <ClInclude Include="code\graphic\graphic\Graphic2D.h">
      <Filter>ソース ファイル\graphic\graphic</Filter>
    </ClInclude>
    <ClInclude Include="code\graphic\drawer\Drawer2D.h">
      <Filter>ソース ファイル\graphic\drawer</Filter>
    </ClInclude>
    <ClInclude Include="code\graphic\drawer\Drawer3D.h">
      <Filter>ソース ファイル\graphic\drawer</Filter>
    </ClInclude>
    <ClInclude Include="code\graphic\graphic\Graphic3D.h">
      <Filter>ソース ファイル\graphic\graphic</Filter>
    </ClInclude>
    <ClInclude Include="code\object\Object3D.h">
      <Filter>ソース ファイル\object</Filter>
    </ClInclude>
    <ClInclude Include="code\framework\graphic\Material.h">
      <Filter>ソース ファイル\framework\graphic</Filter>
    </ClInclude>
    <ClInclude Include="code\framework\resource\Model.h">
      <Filter>ソース ファイル\framework\resource</Filter>
    </ClInclude>
    <ClInclude Include="code\framework\resource\ModelX.h">
      <Filter>ソース ファイル\framework\resource</Filter>
    </ClInclude>
    <ClInclude Include="code\framework\resource\ManagerModel.h">
      <Filter>ソース ファイル\framework\resource</Filter>
    </ClInclude>
    <ClInclude Include="code\object\ObjectModel.h">
      <Filter>ソース ファイル\object</Filter>
    </ClInclude>
    <ClInclude Include="code\graphic\graphic\GraphicModel.h">
      <Filter>ソース ファイル\graphic\graphic</Filter>
    </ClInclude>
    <ClInclude Include="code\graphic\drawer\DrawerModel.h">
      <Filter>ソース ファイル\graphic\drawer</Filter>
    </ClInclude>
    <ClInclude Include="code\framework\polygon\PolygonMesh.h">
      <Filter>ソース ファイル\framework\polygon</Filter>
    </ClInclude>
    <ClInclude Include="code\object\ObjectMesh.h">
      <Filter>ソース ファイル\object</Filter>
    </ClInclude>
    <ClInclude Include="code\graphic\graphic\GraphicMesh.h">
      <Filter>ソース ファイル\graphic\graphic</Filter>
    </ClInclude>
    <ClInclude Include="code\graphic\drawer\DrawerMesh.h">
      <Filter>ソース ファイル\graphic\drawer</Filter>
    </ClInclude>
    <ClInclude Include="code\framework\object\ObjectMovement.h">
      <Filter>ソース ファイル\framework\object</Filter>
    </ClInclude>
    <ClInclude Include="code\framework\input\CWiiController.h">
      <Filter>ソース ファイル\framework\input</Filter>
    </ClInclude>
    <ClInclude Include="code\framework\input\wiimote.h">
      <Filter>ソース ファイル\framework\input</Filter>
    </ClInclude>
    <ClInclude Include="code\framework\input\wiimote_common.h">
      <Filter>ソース ファイル\framework\input</Filter>
    </ClInclude>
    <ClInclude Include="code\framework\input\wiimote_state.h">
      <Filter>ソース ファイル\framework\input</Filter>
    </ClInclude>
    <ClInclude Include="code\framework\input\VirtualController.h">
      <Filter>ソース ファイル\framework\input</Filter>
    </ClInclude>
    <ClInclude Include="code\graphic\drawer\DrawerSky.h">
      <Filter>ソース ファイル\graphic\drawer</Filter>
    </ClInclude>
    <ClInclude Include="code\graphic\graphic\GraphicSky.h">
      <Filter>ソース ファイル\graphic\graphic</Filter>
    </ClInclude>
    <ClInclude Include="code\object\ObjectSky.h">
      <Filter>ソース ファイル\object</Filter>
    </ClInclude>
    <ClInclude Include="code\framework\polygon\PolygonPoint.h">
      <Filter>ソース ファイル\framework\polygon</Filter>
    </ClInclude>
    <ClInclude Include="code\graphic\graphic\GraphicPoint.h">
      <Filter>ソース ファイル\graphic\graphic</Filter>
    </ClInclude>
    <ClInclude Include="code\graphic\drawer\DrawerPoint.h">
      <Filter>ソース ファイル\graphic\drawer</Filter>
    </ClInclude>
    <ClInclude Include="code\framework\point\Point.h">
      <Filter>ソース ファイル\framework\point</Filter>
    </ClInclude>
    <ClInclude Include="code\framework\point\PointState.h">
      <Filter>ソース ファイル\framework\point</Filter>
    </ClInclude>
    <ClInclude Include="code\system\ManagerPoint.h">
      <Filter>ソース ファイル\system</Filter>
    </ClInclude>
    <ClInclude Include="code\framework\polygon\PolygonMeshDomeInside.h">
      <Filter>ソース ファイル\framework\polygon</Filter>
    </ClInclude>
    <ClInclude Include="code\object\ObjectBillboard.h">
      <Filter>ソース ファイル\object</Filter>
    </ClInclude>
    <ClInclude Include="code\graphic\graphic\GraphicBillboard.h">
      <Filter>ソース ファイル\graphic\graphic</Filter>
    </ClInclude>
    <ClInclude Include="code\graphic\drawer\DrawerBillboard.h">
      <Filter>ソース ファイル\graphic\drawer</Filter>
    </ClInclude>
    <ClInclude Include="code\object\ObjectScore.h">
      <Filter>ソース ファイル\object</Filter>
    </ClInclude>
    <ClInclude Include="code\framework\sound\XAudio.h">
      <Filter>ソース ファイル\framework\sound</Filter>
    </ClInclude>
    <ClInclude Include="code\framework\resource\ManagerSound.h">
      <Filter>ソース ファイル\framework\resource</Filter>
    </ClInclude>
    <ClInclude Include="code\framework\resource\Sound.h">
      <Filter>ソース ファイル\framework\resource</Filter>
    </ClInclude>
    <ClInclude Include="code\framework\system\File.h">
      <Filter>ソース ファイル\framework\system</Filter>
    </ClInclude>
    <ClInclude Include="code\framework\resource\ModelConvert.h">
      <Filter>ソース ファイル\framework\resource</Filter>
    </ClInclude>
    <ClInclude Include="code\framework\resource\Motion.h">
      <Filter>ソース ファイル\framework\resource</Filter>
    </ClInclude>
    <ClInclude Include="code\framework\resource\ManagerMotion.h">
      <Filter>ソース ファイル\framework\resource</Filter>
    </ClInclude>
    <ClInclude Include="code\object\ObjectPostEffect.h">
      <Filter>ソース ファイル\object</Filter>
    </ClInclude>
    <ClInclude Include="code\graphic\graphic\GraphicPostEffect.h">
      <Filter>ソース ファイル\graphic\graphic</Filter>
    </ClInclude>
    <ClInclude Include="code\graphic\drawer\DrawerPostEffect.h">
      <Filter>ソース ファイル\graphic\drawer</Filter>
    </ClInclude>
    <ClInclude Include="code\framework\render\RenderPassParameter.h">
      <Filter>ソース ファイル\framework\render</Filter>
    </ClInclude>
    <ClInclude Include="code\object\ObjectLightEffect.h">
      <Filter>ソース ファイル\object</Filter>
    </ClInclude>
    <ClInclude Include="code\graphic\graphic\GraphicLightEffect.h">
      <Filter>ソース ファイル\graphic\graphic</Filter>
    </ClInclude>
    <ClInclude Include="code\graphic\drawer\DrawerLightEffect.h">
      <Filter>ソース ファイル\graphic\drawer</Filter>
    </ClInclude>
    <ClInclude Include="code\object\ObjectMerge.h">
      <Filter>ソース ファイル\object</Filter>
    </ClInclude>
    <ClInclude Include="code\graphic\graphic\GraphicMerge.h">
      <Filter>ソース ファイル\graphic\graphic</Filter>
    </ClInclude>
    <ClInclude Include="code\graphic\drawer\DrawerMerge.h">
      <Filter>ソース ファイル\graphic\drawer</Filter>
    </ClInclude>
    <ClInclude Include="code\object\ObjectSkinMesh.h">
      <Filter>ソース ファイル\object</Filter>
    </ClInclude>
    <ClInclude Include="code\graphic\graphic\GraphicSkinMesh.h">
      <Filter>ソース ファイル\graphic\graphic</Filter>
    </ClInclude>
    <ClInclude Include="code\graphic\drawer\DrawerSkinMesh.h">
      <Filter>ソース ファイル\graphic\drawer</Filter>
    </ClInclude>
    <ClInclude Include="code\system\fireworks\Fireworks.h">
      <Filter>ソース ファイル\system\fireworks</Filter>
    </ClInclude>
    <ClInclude Include="code\system\fireworks\FireworksState.h">
      <Filter>ソース ファイル\system\fireworks</Filter>
    </ClInclude>
    <ClInclude Include="code\system\target\Target.h">
      <Filter>ソース ファイル\system\target</Filter>
    </ClInclude>
    <ClInclude Include="code\object\ObjectFire.h">
      <Filter>ソース ファイル\object</Filter>
    </ClInclude>
    <ClInclude Include="code\system\ManagerTarget.h">
      <Filter>ソース ファイル\system</Filter>
    </ClInclude>
    <ClInclude Include="code\system\ManagerFireworks.h">
      <Filter>ソース ファイル\system</Filter>
    </ClInclude>
    <ClInclude Include="code\framework\develop\DebugMeasure.h">
      <Filter>ソース ファイル\framework\develop</Filter>
    </ClInclude>
    <ClInclude Include="code\object\ObjectModelMaterial.h">
      <Filter>ソース ファイル\object</Filter>
    </ClInclude>
    <ClInclude Include="code\graphic\graphic\GraphicModelMaterial.h">
      <Filter>ソース ファイル\graphic\graphic</Filter>
    </ClInclude>
    <ClInclude Include="code\graphic\drawer\DrawerModelMaterial.h">
      <Filter>ソース ファイル\graphic\drawer</Filter>
    </ClInclude>
    <ClInclude Include="code\framework\system\Utility.h">
      <Filter>ソース ファイル\framework\system</Filter>
    </ClInclude>
    <ClInclude Include="code\system\camera\CameraStateSpline.h">
      <Filter>ソース ファイル\system\camera</Filter>
    </ClInclude>
    <ClInclude Include="code\graphic\drawer\DrawerBlur.h">
      <Filter>ソース ファイル\graphic\drawer</Filter>
    </ClInclude>
    <ClInclude Include="code\graphic\graphic\GraphicBlur.h">
      <Filter>ソース ファイル\graphic\graphic</Filter>
    </ClInclude>
    <ClInclude Include="code\object\ObjectBlur.h">
      <Filter>ソース ファイル\object</Filter>
    </ClInclude>
    <ClInclude Include="code\framework\screenShot\CScreenShot.h">
      <Filter>ソース ファイル\framework\screenShot</Filter>
    </ClInclude>
    <ClInclude Include="code\object\ObjectWaterwheel.h">
      <Filter>ソース ファイル\object</Filter>
    </ClInclude>
    <ClInclude Include="code\system\fire\FireState.h">
      <Filter>ソース ファイル\system\fire</Filter>
    </ClInclude>
    <ClInclude Include="code\system\fire\Fire.h">
      <Filter>ソース ファイル\system\fire</Filter>
    </ClInclude>
    <ClInclude Include="code\framework\radianTable\radianTable.h">
      <Filter>ソース ファイル\framework\radianTable</Filter>
    </ClInclude>
    <ClInclude Include="code\framework\fileReader\fileReader.h">
      <Filter>ソース ファイル\framework\fileReader</Filter>
    </ClInclude>
  </ItemGroup>
  <ItemGroup>
    <ClCompile Include="code\framework\develop\Debug.cpp">
      <Filter>ソース ファイル\framework\develop</Filter>
    </ClCompile>
    <ClCompile Include="code\framework\develop\DebugProc.cpp">
      <Filter>ソース ファイル\framework\develop</Filter>
    </ClCompile>
    <ClCompile Include="code\framework\system\Manager.cpp">
      <Filter>ソース ファイル\framework\system</Filter>
    </ClCompile>
    <ClCompile Include="code\framework\system\Window.cpp">
      <Filter>ソース ファイル\framework\system</Filter>
    </ClCompile>
    <ClCompile Include="code\system\Main.cpp">
      <Filter>ソース ファイル\system</Filter>
    </ClCompile>
    <ClCompile Include="code\framework\system\FrameCount.cpp">
      <Filter>ソース ファイル\framework\system</Filter>
    </ClCompile>
    <ClCompile Include="code\system\ManagerMain.cpp">
      <Filter>ソース ファイル\system</Filter>
    </ClCompile>
    <ClCompile Include="code\system\WindowMain.cpp">
      <Filter>ソース ファイル\system</Filter>
    </ClCompile>
    <ClCompile Include="code\framework\system\ManagerDraw.cpp">
      <Filter>ソース ファイル\framework\system</Filter>
    </ClCompile>
    <ClCompile Include="code\framework\system\ManagerExector.cpp">
      <Filter>ソース ファイル\framework\system</Filter>
    </ClCompile>
    <ClCompile Include="code\framework\render\RenderTarget.cpp">
      <Filter>ソース ファイル\framework\render</Filter>
    </ClCompile>
    <ClCompile Include="code\system\SceneMain.cpp">
      <Filter>ソース ファイル\system</Filter>
    </ClCompile>
    <ClCompile Include="code\system\ManagerSceneMain.cpp">
      <Filter>ソース ファイル\system</Filter>
    </ClCompile>
    <ClCompile Include="code\system\SceneArgumentMain.cpp">
      <Filter>ソース ファイル\system</Filter>
    </ClCompile>
    <ClCompile Include="code\framework\scene\ManagerScene.cpp">
      <Filter>ソース ファイル\framework\scene</Filter>
    </ClCompile>
    <ClCompile Include="code\framework\scene\Scene.cpp">
      <Filter>ソース ファイル\framework\scene</Filter>
    </ClCompile>
    <ClCompile Include="code\framework\scene\SceneArgument.cpp">
      <Filter>ソース ファイル\framework\scene</Filter>
    </ClCompile>
    <ClCompile Include="code\scene\SceneGame.cpp">
      <Filter>ソース ファイル\scene</Filter>
    </ClCompile>
    <ClCompile Include="code\framework\input\InputMouse.cpp">
      <Filter>ソース ファイル\framework\input</Filter>
    </ClCompile>
    <ClCompile Include="code\framework\input\InputPad.cpp">
      <Filter>ソース ファイル\framework\input</Filter>
    </ClCompile>
    <ClCompile Include="code\framework\input\Input.cpp">
      <Filter>ソース ファイル\framework\input</Filter>
    </ClCompile>
    <ClCompile Include="code\framework\input\InputKeyboard.cpp">
      <Filter>ソース ファイル\framework\input</Filter>
    </ClCompile>
    <ClCompile Include="code\framework\input\DirectInput.cpp">
      <Filter>ソース ファイル\framework\input</Filter>
    </ClCompile>
    <ClCompile Include="code\framework\system\Fade.cpp">
      <Filter>ソース ファイル\framework\system</Filter>
    </ClCompile>
    <ClCompile Include="code\scene\SceneResult.cpp">
      <Filter>ソース ファイル\scene</Filter>
    </ClCompile>
    <ClCompile Include="code\scene\SceneTitle.cpp">
      <Filter>ソース ファイル\scene</Filter>
    </ClCompile>
    <ClCompile Include="code\scene\SceneRanking.cpp">
      <Filter>ソース ファイル\scene</Filter>
    </ClCompile>
    <ClCompile Include="code\scene\SceneSplash.cpp">
      <Filter>ソース ファイル\scene</Filter>
    </ClCompile>
    <ClCompile Include="code\framework\object\Object.cpp">
      <Filter>ソース ファイル\framework\object</Filter>
    </ClCompile>
    <ClCompile Include="code\framework\system\ManagerUpdate.cpp">
      <Filter>ソース ファイル\framework\system</Filter>
    </ClCompile>
    <ClCompile Include="code\framework\render\RenderMatrix.cpp">
      <Filter>ソース ファイル\framework\render</Filter>
    </ClCompile>
    <ClCompile Include="code\framework\light\LightDirection.cpp">
      <Filter>ソース ファイル\framework\light</Filter>
    </ClCompile>
    <ClCompile Include="code\framework\light\LightPoint.cpp">
      <Filter>ソース ファイル\framework\light</Filter>
    </ClCompile>
    <ClCompile Include="code\framework\light\Light.cpp">
      <Filter>ソース ファイル\framework\light</Filter>
    </ClCompile>
    <ClCompile Include="code\framework\camera\CameraObject.cpp">
      <Filter>ソース ファイル\framework\camera</Filter>
    </ClCompile>
    <ClCompile Include="code\framework\camera\CameraState.cpp">
      <Filter>ソース ファイル\framework\camera</Filter>
    </ClCompile>
    <ClCompile Include="code\framework\camera\CameraStateDebug.cpp">
      <Filter>ソース ファイル\framework\camera</Filter>
    </ClCompile>
    <ClCompile Include="code\framework\camera\Camera.cpp">
      <Filter>ソース ファイル\framework\camera</Filter>
    </ClCompile>
    <ClCompile Include="code\framework\polygon\Polygon3D.cpp">
      <Filter>ソース ファイル\framework\polygon</Filter>
    </ClCompile>
    <ClCompile Include="code\framework\polygon\Polygon2D.cpp">
      <Filter>ソース ファイル\framework\polygon</Filter>
    </ClCompile>
    <ClCompile Include="code\framework\vertex\VertexBuffer.cpp">
      <Filter>ソース ファイル\framework\vertex</Filter>
    </ClCompile>
    <ClCompile Include="code\framework\vertex\Vertex.cpp">
      <Filter>ソース ファイル\framework\vertex</Filter>
    </ClCompile>
    <ClCompile Include="code\system\EffectParameter.cpp">
      <Filter>ソース ファイル\system</Filter>
    </ClCompile>
    <ClCompile Include="code\framework\render\RenderPass.cpp">
      <Filter>ソース ファイル\framework\render</Filter>
    </ClCompile>
    <ClCompile Include="code\framework\resource\ManagerResource.cpp">
      <Filter>ソース ファイル\framework\resource</Filter>
    </ClCompile>
    <ClCompile Include="code\framework\resource\ManagerTexture.cpp">
      <Filter>ソース ファイル\framework\resource</Filter>
    </ClCompile>
    <ClCompile Include="code\framework\resource\Texture.cpp">
      <Filter>ソース ファイル\framework\resource</Filter>
    </ClCompile>
    <ClCompile Include="code\framework\resource\ManagerEffect.cpp">
      <Filter>ソース ファイル\framework\resource</Filter>
    </ClCompile>
    <ClCompile Include="code\framework\resource\Effect.cpp">
      <Filter>ソース ファイル\framework\resource</Filter>
    </ClCompile>
    <ClCompile Include="code\framework\render\DirectDevice.cpp">
      <Filter>ソース ファイル\framework\render</Filter>
    </ClCompile>
    <ClCompile Include="code\framework\graphic\Graphic.cpp">
      <Filter>ソース ファイル\framework\graphic</Filter>
    </ClCompile>
    <ClCompile Include="code\framework\graphic\Drawer.cpp">
      <Filter>ソース ファイル\framework\graphic</Filter>
    </ClCompile>
    <ClCompile Include="code\graphic\graphic\GraphicMain.cpp">
      <Filter>ソース ファイル\graphic\graphic</Filter>
    </ClCompile>
    <ClCompile Include="code\object\Object2D.cpp">
      <Filter>ソース ファイル\object</Filter>
    </ClCompile>
    <ClCompile Include="code\graphic\graphic\Graphic2D.cpp">
      <Filter>ソース ファイル\graphic\graphic</Filter>
    </ClCompile>
    <ClCompile Include="code\graphic\drawer\Drawer2D.cpp">
      <Filter>ソース ファイル\graphic\drawer</Filter>
    </ClCompile>
    <ClCompile Include="code\graphic\drawer\Drawer3D.cpp">
      <Filter>ソース ファイル\graphic\drawer</Filter>
    </ClCompile>
    <ClCompile Include="code\graphic\graphic\Graphic3D.cpp">
      <Filter>ソース ファイル\graphic\graphic</Filter>
    </ClCompile>
    <ClCompile Include="code\object\Object3D.cpp">
      <Filter>ソース ファイル\object</Filter>
    </ClCompile>
    <ClCompile Include="code\framework\graphic\Material.cpp">
      <Filter>ソース ファイル\framework\graphic</Filter>
    </ClCompile>
    <ClCompile Include="code\framework\resource\Model.cpp">
      <Filter>ソース ファイル\framework\resource</Filter>
    </ClCompile>
    <ClCompile Include="code\framework\resource\ModelX.cpp">
      <Filter>ソース ファイル\framework\resource</Filter>
    </ClCompile>
    <ClCompile Include="code\framework\resource\ManagerModel.cpp">
      <Filter>ソース ファイル\framework\resource</Filter>
    </ClCompile>
    <ClCompile Include="code\object\ObjectModel.cpp">
      <Filter>ソース ファイル\object</Filter>
    </ClCompile>
    <ClCompile Include="code\graphic\graphic\GraphicModel.cpp">
      <Filter>ソース ファイル\graphic\graphic</Filter>
    </ClCompile>
    <ClCompile Include="code\graphic\drawer\DrawerModel.cpp">
      <Filter>ソース ファイル\graphic\drawer</Filter>
    </ClCompile>
    <ClCompile Include="code\framework\polygon\PolygonMesh.cpp">
      <Filter>ソース ファイル\framework\polygon</Filter>
    </ClCompile>
    <ClCompile Include="code\object\ObjectMesh.cpp">
      <Filter>ソース ファイル\object</Filter>
    </ClCompile>
    <ClCompile Include="code\graphic\graphic\GraphicMesh.cpp">
      <Filter>ソース ファイル\graphic\graphic</Filter>
    </ClCompile>
    <ClCompile Include="code\graphic\drawer\DrawerMesh.cpp">
      <Filter>ソース ファイル\graphic\drawer</Filter>
    </ClCompile>
    <ClCompile Include="code\framework\object\ObjectMovement.cpp">
      <Filter>ソース ファイル\framework\object</Filter>
    </ClCompile>
    <ClCompile Include="code\framework\input\CWiiController.cpp">
      <Filter>ソース ファイル\framework\input</Filter>
    </ClCompile>
    <ClCompile Include="code\framework\input\wiimote.cpp">
      <Filter>ソース ファイル\framework\input</Filter>
    </ClCompile>
    <ClCompile Include="code\framework\input\VirtualController.cpp">
      <Filter>ソース ファイル\framework\input</Filter>
    </ClCompile>
    <ClCompile Include="code\framework\polygon\PolygonMeshDomeInside.cpp">
      <Filter>ソース ファイル\framework\polygon</Filter>
    </ClCompile>
    <ClCompile Include="code\graphic\drawer\DrawerSky.cpp">
      <Filter>ソース ファイル\graphic\drawer</Filter>
    </ClCompile>
    <ClCompile Include="code\graphic\graphic\GraphicSky.cpp">
      <Filter>ソース ファイル\graphic\graphic</Filter>
    </ClCompile>
    <ClCompile Include="code\object\ObjectSky.cpp">
      <Filter>ソース ファイル\object</Filter>
    </ClCompile>
    <ClCompile Include="code\framework\polygon\PolygonPoint.cpp">
      <Filter>ソース ファイル\framework\polygon</Filter>
    </ClCompile>
    <ClCompile Include="code\graphic\graphic\GraphicPoint.cpp">
      <Filter>ソース ファイル\graphic\graphic</Filter>
    </ClCompile>
    <ClCompile Include="code\graphic\drawer\DrawerPoint.cpp">
      <Filter>ソース ファイル\graphic\drawer</Filter>
    </ClCompile>
    <ClCompile Include="code\framework\point\PointState.cpp">
      <Filter>ソース ファイル\framework\point</Filter>
    </ClCompile>
    <ClCompile Include="code\framework\point\Point.cpp">
      <Filter>ソース ファイル\framework\point</Filter>
    </ClCompile>
    <ClCompile Include="code\system\ManagerPoint.cpp">
      <Filter>ソース ファイル\system</Filter>
    </ClCompile>
    <ClCompile Include="code\object\ObjectBillboard.cpp">
      <Filter>ソース ファイル\object</Filter>
    </ClCompile>
    <ClCompile Include="code\graphic\graphic\GraphicBillboard.cpp">
      <Filter>ソース ファイル\graphic\graphic</Filter>
    </ClCompile>
    <ClCompile Include="code\graphic\drawer\DrawerBillboard.cpp">
      <Filter>ソース ファイル\graphic\drawer</Filter>
    </ClCompile>
    <ClCompile Include="code\object\ObjectScore.cpp">
      <Filter>ソース ファイル\object</Filter>
    </ClCompile>
    <ClCompile Include="code\framework\sound\XAudio.cpp">
      <Filter>ソース ファイル\framework\sound</Filter>
    </ClCompile>
    <ClCompile Include="code\framework\resource\Sound.cpp">
      <Filter>ソース ファイル\framework\resource</Filter>
    </ClCompile>
    <ClCompile Include="code\framework\resource\ManagerSound.cpp">
      <Filter>ソース ファイル\framework\resource</Filter>
    </ClCompile>
    <ClCompile Include="code\framework\system\File.cpp">
      <Filter>ソース ファイル\framework\system</Filter>
    </ClCompile>
    <ClCompile Include="code\framework\resource\ModelConvert.cpp">
      <Filter>ソース ファイル\framework\resource</Filter>
    </ClCompile>
    <ClCompile Include="code\framework\resource\Motion.cpp">
      <Filter>ソース ファイル\framework\resource</Filter>
    </ClCompile>
    <ClCompile Include="code\framework\resource\ManagerMotion.cpp">
      <Filter>ソース ファイル\framework\resource</Filter>
    </ClCompile>
    <ClCompile Include="code\object\ObjectPostEffect.cpp">
      <Filter>ソース ファイル\object</Filter>
    </ClCompile>
    <ClCompile Include="code\graphic\graphic\GraphicPostEffect.cpp">
      <Filter>ソース ファイル\graphic\graphic</Filter>
    </ClCompile>
    <ClCompile Include="code\graphic\drawer\DrawerPostEffect.cpp">
      <Filter>ソース ファイル\graphic\drawer</Filter>
    </ClCompile>
    <ClCompile Include="code\framework\render\RenderPassParameter.cpp">
      <Filter>ソース ファイル\framework\render</Filter>
    </ClCompile>
    <ClCompile Include="code\object\ObjectLightEffect.cpp">
      <Filter>ソース ファイル\object</Filter>
    </ClCompile>
    <ClCompile Include="code\graphic\graphic\GraphicLightEffect.cpp">
      <Filter>ソース ファイル\graphic\graphic</Filter>
    </ClCompile>
    <ClCompile Include="code\graphic\drawer\DrawerLightEffect.cpp">
      <Filter>ソース ファイル\graphic\drawer</Filter>
    </ClCompile>
    <ClCompile Include="code\object\ObjectMerge.cpp">
      <Filter>ソース ファイル\object</Filter>
    </ClCompile>
    <ClCompile Include="code\graphic\graphic\GraphicMerge.cpp">
      <Filter>ソース ファイル\graphic\graphic</Filter>
    </ClCompile>
    <ClCompile Include="code\graphic\drawer\DrawerMerge.cpp">
      <Filter>ソース ファイル\graphic\drawer</Filter>
    </ClCompile>
    <ClCompile Include="code\object\ObjectSkinMesh.cpp">
      <Filter>ソース ファイル\object</Filter>
    </ClCompile>
    <ClCompile Include="code\graphic\graphic\GraphicSkinMesh.cpp">
      <Filter>ソース ファイル\graphic\graphic</Filter>
    </ClCompile>
    <ClCompile Include="code\graphic\drawer\DrawerSkinMesh.cpp">
      <Filter>ソース ファイル\graphic\drawer</Filter>
    </ClCompile>
    <ClCompile Include="code\system\fireworks\Fireworks.cpp">
      <Filter>ソース ファイル\system\fireworks</Filter>
    </ClCompile>
    <ClCompile Include="code\system\fireworks\FireworksState.cpp">
      <Filter>ソース ファイル\system\fireworks</Filter>
    </ClCompile>
    <ClCompile Include="code\system\target\Target.cpp">
      <Filter>ソース ファイル\system\target</Filter>
    </ClCompile>
    <ClCompile Include="code\object\ObjectFire.cpp">
      <Filter>ソース ファイル\object</Filter>
    </ClCompile>
    <ClCompile Include="code\system\ManagerTarget.cpp">
      <Filter>ソース ファイル\system</Filter>
    </ClCompile>
    <ClCompile Include="code\system\ManagerFireworks.cpp">
      <Filter>ソース ファイル\system</Filter>
    </ClCompile>
    <ClCompile Include="code\framework\develop\DebugMeasure.cpp">
      <Filter>ソース ファイル\framework\develop</Filter>
    </ClCompile>
    <ClCompile Include="code\object\ObjectModelMaterial.cpp">
      <Filter>ソース ファイル\object</Filter>
    </ClCompile>
    <ClCompile Include="code\graphic\graphic\GraphicModelMaterial.cpp">
      <Filter>ソース ファイル\graphic\graphic</Filter>
    </ClCompile>
    <ClCompile Include="code\graphic\drawer\DrawerModelMaterial.cpp">
      <Filter>ソース ファイル\graphic\drawer</Filter>
    </ClCompile>
    <ClCompile Include="code\framework\system\Utility.cpp">
      <Filter>ソース ファイル\framework\system</Filter>
    </ClCompile>
    <ClCompile Include="code\system\camera\CameraStateSpline.cpp">
      <Filter>ソース ファイル\system\camera</Filter>
    </ClCompile>
    <ClCompile Include="code\graphic\drawer\DrawerBlur.cpp">
      <Filter>ソース ファイル\graphic\drawer</Filter>
    </ClCompile>
    <ClCompile Include="code\graphic\graphic\GraphicBlur.cpp">
      <Filter>ソース ファイル\graphic\graphic</Filter>
    </ClCompile>
    <ClCompile Include="code\object\ObjectBlur.cpp">
      <Filter>ソース ファイル\object</Filter>
    </ClCompile>
    <ClCompile Include="code\scene\SceneGame2.cpp">
      <Filter>ソース ファイル\scene</Filter>
    </ClCompile>
    <ClCompile Include="code\framework\screenShot\CScreenShot.cpp">
      <Filter>ソース ファイル\framework\screenShot</Filter>
    </ClCompile>
    <ClCompile Include="code\object\ObjectWaterwheel.cpp">
      <Filter>ソース ファイル\object</Filter>
    </ClCompile>
    <ClCompile Include="code\system\fire\FireState.cpp">
      <Filter>ソース ファイル\system\fire</Filter>
    </ClCompile>
    <ClCompile Include="code\system\fire\Fire.cpp">
      <Filter>ソース ファイル\system\fire</Filter>
    </ClCompile>
    <ClCompile Include="code\scene\SceneGameInitialize.cpp">
      <Filter>ソース ファイル\scene</Filter>
    </ClCompile>
    <ClCompile Include="code\framework\radianTable\radianTable.cpp">
      <Filter>ソース ファイル\framework\radianTable</Filter>
    </ClCompile>
    <ClCompile Include="code\framework\fileReader\fileReader.cpp">
      <Filter>ソース ファイル\framework\fileReader</Filter>
    </ClCompile>
  </ItemGroup>
  <ItemGroup>
    <None Include="code\effect\Polygon3D.fx">
      <Filter>ソース ファイル\effect</Filter>
    </None>
    <None Include="code\effect\Model.fx">
      <Filter>ソース ファイル\effect</Filter>
    </None>
    <None Include="code\effect\LightEffect.fx">
      <Filter>ソース ファイル\effect</Filter>
    </None>
    <None Include="code\effect\Merge.fx">
      <Filter>ソース ファイル\effect</Filter>
    </None>
    <None Include="code\effect\Point.fx">
      <Filter>ソース ファイル\effect</Filter>
    </None>
    <None Include="code\effect\PostEffect.fx">
      <Filter>ソース ファイル\effect</Filter>
    </None>
    <None Include="code\effect\Sky.fx">
      <Filter>ソース ファイル\effect</Filter>
    </None>
    <None Include="code\effect\Polygon2D.fx">
      <Filter>ソース ファイル\effect</Filter>
    </None>
    <None Include="code\effect\SkinMesh.fx">
      <Filter>ソース ファイル\effect</Filter>
    </None>
    <None Include="code\effect\Billboard.fx">
      <Filter>ソース ファイル\effect</Filter>
    </None>
    <None Include="code\effect\Mesh.fx">
      <Filter>ソース ファイル\effect</Filter>
    </None>
    <None Include="code\effect\ModelMat.fx">
      <Filter>ソース ファイル\effect</Filter>
    </None>
    <None Include="code\effect\BlurBase.fx">
      <Filter>ソース ファイル\effect</Filter>
    </None>
    <None Include="code\effect\BlurY.fx">
      <Filter>ソース ファイル\effect</Filter>
    </None>
    <None Include="code\effect\BlurX.fx">
      <Filter>ソース ファイル\effect</Filter>
    </None>
  </ItemGroup>
</Project>